
Microsoft Visual Studio Solution File, Format Version 12.00
# Visual Studio Version 16
VisualStudioVersion = 16.0.29201.188
MinimumVisualStudioVersion = 10.0.40219.1
Project("{FAE04EC0-301F-11D3-BF4B-00C04F79EFBC}") = "AutoAtendimentoBancario", "AutoAtendimentoBancario.csproj", "{108F8E95-3C59-44D8-B1E3-4857A457020A}"
EndProject
Global
	GlobalSection(SolutionConfigurationPlatforms) = preSolution
		Debug|Any CPU = Debug|Any CPU
		Release|Any CPU = Release|Any CPU
	EndGlobalSection
	GlobalSection(ProjectConfigurationPlatforms) = postSolution
		{108F8E95-3C59-44D8-B1E3-4857A457020A}.Debug|Any CPU.ActiveCfg = Debug|Any CPU
		{108F8E95-3C59-44D8-B1E3-4857A457020A}.Debug|Any CPU.Build.0 = Debug|Any CPU
		{108F8E95-3C59-44D8-B1E3-4857A457020A}.Release|Any CPU.ActiveCfg = Release|Any CPU
		{108F8E95-3C59-44D8-B1E3-4857A457020A}.Release|Any CPU.Build.0 = Release|Any CPU
	EndGlobalSection
	GlobalSection(SolutionProperties) = preSolution
		HideSolutionNode = FALSE
	EndGlobalSection
	GlobalSection(ExtensibilityGlobals) = postSolution
		SolutionGuid = {2B64FC77-3DA9-45A8-BB16-327D4C2D3C59}
	EndGlobalSection
EndGlobal
